// !$*UTF8*$!
{
	archiveVersion = 1;
	classes = {
	};
	objectVersion = 50;
	objects = {

/* Begin PBXBuildFile section */
		DA51EFA72407923D00C92D93 /* vedio.mov in Resources */ = {isa = PBXBuildFile; fileRef = DA51EFA62407923D00C92D93 /* vedio.mov */; };
		DAAA50852404EA9500E1C691 /* AppDelegate.swift in Sources */ = {isa = PBXBuildFile; fileRef = DAAA50842404EA9500E1C691 /* AppDelegate.swift */; };
		DAAA50872404EA9500E1C691 /* SceneDelegate.swift in Sources */ = {isa = PBXBuildFile; fileRef = DAAA50862404EA9500E1C691 /* SceneDelegate.swift */; };
		DAAA50892404EA9500E1C691 /* ViewController.swift in Sources */ = {isa = PBXBuildFile; fileRef = DAAA50882404EA9500E1C691 /* ViewController.swift */; };
		DAAA508C2404EA9500E1C691 /* Main.storyboard in Resources */ = {isa = PBXBuildFile; fileRef = DAAA508A2404EA9500E1C691 /* Main.storyboard */; };
		DAAA508E2404EA9700E1C691 /* Assets.xcassets in Resources */ = {isa = PBXBuildFile; fileRef = DAAA508D2404EA9700E1C691 /* Assets.xcassets */; };
		DAAA50912404EA9700E1C691 /* LaunchScreen.storyboard in Resources */ = {isa = PBXBuildFile; fileRef = DAAA508F2404EA9700E1C691 /* LaunchScreen.storyboard */; };
		DAAA509A2404EB1900E1C691 /* HelperUI.swift in Sources */ = {isa = PBXBuildFile; fileRef = DAAA50992404EB1900E1C691 /* HelperUI.swift */; };
/* End PBXBuildFile section */

/* Begin PBXFileReference section */
		DA51EFA62407923D00C92D93 /* vedio.mov */ = {isa = PBXFileReference; lastKnownFileType = video.quicktime; path = vedio.mov; sourceTree = "<group>"; };
		DAAA50812404EA9500E1C691 /* CAAnimation.app */ = {isa = PBXFileReference; explicitFileType = wrapper.application; includeInIndex = 0; path = CAAnimation.app; sourceTree = BUILT_PRODUCTS_DIR; };
		DAAA50842404EA9500E1C691 /* AppDelegate.swift */ = {isa = PBXFileReference; lastKnownFileType = sourcecode.swift; path = AppDelegate.swift; sourceTree = "<group>"; };
		DAAA50862404EA9500E1C691 /* SceneDelegate.swift */ = {isa = PBXFileReference; lastKnownFileType = sourcecode.swift; path = SceneDelegate.swift; sourceTree = "<group>"; };
		DAAA50882404EA9500E1C691 /* ViewController.swift */ = {isa = PBXFileReference; lastKnownFileType = sourcecode.swift; path = ViewController.swift; sourceTree = "<group>"; };
		DAAA508B2404EA9500E1C691 /* Base */ = {isa = PBXFileReference; lastKnownFileType = file.storyboard; name = Base; path = Base.lproj/Main.storyboard; sourceTree = "<group>"; };
		DAAA508D2404EA9700E1C691 /* Assets.xcassets */ = {isa = PBXFileReference; lastKnownFileType = folder.assetcatalog; path = Assets.xcassets; sourceTree = "<group>"; };
		DAAA50902404EA9700E1C691 /* Base */ = {isa = PBXFileReference; lastKnownFileType = file.storyboard; name = Base; path = Base.lproj/LaunchScreen.storyboard; sourceTree = "<group>"; };
		DAAA50922404EA9700E1C691 /* Info.plist */ = {isa = PBXFileReference; lastKnownFileType = text.plist.xml; path = Info.plist; sourceTree = "<group>"; };
		DAAA50992404EB1900E1C691 /* HelperUI.swift */ = {isa = PBXFileReference; lastKnownFileType = sourcecode.swift; path = HelperUI.swift; sourceTree = "<group>"; };
/* End PBXFileReference section */

/* Begin PBXFrameworksBuildPhase section */
		DAAA507E2404EA9500E1C691 /* Frameworks */ = {
			isa = PBXFrameworksBuildPhase;
			buildActionMask = 2147483647;
			files = (
			);
			runOnlyForDeploymentPostprocessing = 0;
		};
/* End PBXFrameworksBuildPhase section */

/* Begin PBXGroup section */
		DAAA50782404EA9500E1C691 = {
			isa = PBXGroup;
			children = (
				DAAA50832404EA9500E1C691 /* CAAnimation */,
				DAAA50822404EA9500E1C691 /* Products */,
			);
			sourceTree = "<group>";
		};
		DAAA50822404EA9500E1C691 /* Products */ = {
			isa = PBXGroup;
			children = (
				DAAA50812404EA9500E1C691 /* CAAnimation.app */,
			);
			name = Products;
			sourceTree = "<group>";
		};
		DAAA50832404EA9500E1C691 /* CAAnimation */ = {
			isa = PBXGroup;
			children = (
				DAAA50842404EA9500E1C691 /* AppDelegate.swift */,
				DAAA50862404EA9500E1C691 /* SceneDelegate.swift */,
				DAAA50882404EA9500E1C691 /* ViewController.swift */,
				DA51EFA62407923D00C92D93 /* vedio.mov */,
				DAAA50982404EB0600E1C691 /* HelperUI */,
				DAAA508A2404EA9500E1C691 /* Main.storyboard */,
				DAAA508D2404EA9700E1C691 /* Assets.xcassets */,
				DAAA508F2404EA9700E1C691 /* LaunchScreen.storyboard */,
				DAAA50922404EA9700E1C691 /* Info.plist */,
			);
			path = CAAnimation;
			sourceTree = "<group>";
		};
		DAAA50982404EB0600E1C691 /* HelperUI */ = {
			isa = PBXGroup;
			children = (
				DAAA50992404EB1900E1C691 /* HelperUI.swift */,
			);
			path = HelperUI;
			sourceTree = "<group>";
		};
/* End PBXGroup section */

/* Begin PBXNativeTarget section */
		DAAA50802404EA9500E1C691 /* CAAnimation */ = {
			isa = PBXNativeTarget;
			buildConfigurationList = DAAA50952404EA9700E1C691 /* Build configuration list for PBXNativeTarget "CAAnimation" */;
			buildPhases = (
				DAAA507D2404EA9500E1C691 /* Sources */,
				DAAA507E2404EA9500E1C691 /* Frameworks */,
				DAAA507F2404EA9500E1C691 /* Resources */,
			);
			buildRules = (
			);
			dependencies = (
			);
			name = CAAnimation;
			productName = CAAnimation;
			productReference = DAAA50812404EA9500E1C691 /* CAAnimation.app */;
			productType = "com.apple.product-type.application";
		};
/* End PBXNativeTarget section */

/* Begin PBXProject section */
		DAAA50792404EA9500E1C691 /* Project object */ = {
			isa = PBXProject;
			attributes = {
				LastSwiftUpdateCheck = 1130;
				LastUpgradeCheck = 1130;
				ORGANIZATIONNAME = ZQMAC;
				TargetAttributes = {
					DAAA50802404EA9500E1C691 = {
						CreatedOnToolsVersion = 11.3.1;
					};
				};
			};
			buildConfigurationList = DAAA507C2404EA9500E1C691 /* Build configuration list for PBXProject "CAAnimation" */;
			compatibilityVersion = "Xcode 9.3";
			developmentRegion = en;
			hasScannedForEncodings = 0;
			knownRegions = (
				en,
				Base,
			);
			mainGroup = DAAA50782404EA9500E1C691;
			productRefGroup = DAAA50822404EA9500E1C691 /* Products */;
			projectDirPath = "";
			projectRoot = "";
			targets = (
				DAAA50802404EA9500E1C691 /* CAAnimation */,
			);
		};
/* End PBXProject section */

/* Begin PBXResourcesBuildPhase section */
		DAAA507F2404EA9500E1C691 /* Resources */ = {
			isa = PBXResourcesBuildPhase;
			buildActionMask = 2147483647;
			files = (
				DAAA50912404EA9700E1C691 /* LaunchScreen.storyboard in Resources */,
				DA51EFA72407923D00C92D93 /* vedio.mov in Resources */,
				DAAA508E2404EA9700E1C691 /* Assets.xcassets in Resources */,
				DAAA508C2404EA9500E1C691 /* Main.storyboard in Resources */,
			);
			runOnlyForDeploymentPostprocessing = 0;
		};
/* End PBXResourcesBuildPhase section */

/* Begin PBXSourcesBuildPhase section */
		DAAA507D2404EA9500E1C691 /* Sources */ = {
			isa = PBXSourcesBuildPhase;
			buildActionMask = 2147483647;
			files = (
				DAAA50892404EA9500E1C691 /* ViewController.swift in Sources */,
				DAAA50852404EA9500E1C691 /* AppDelegate.swift in Sources */,
				DAAA50872404EA9500E1C691 /* SceneDelegate.swift in Sources */,
				DAAA509A2404EB1900E1C691 /* HelperUI.swift in Sources */,
			);
			runOnlyForDeploymentPostprocessing = 0;
		};
/* End PBXSourcesBuildPhase section */

/* Begin PBXVariantGroup section */
		DAAA508A2404EA9500E1C691 /* Main.storyboard */ = {
			isa = PBXVariantGroup;
			children = (
				DAAA508B2404EA9500E1C691 /* Base */,
			);
			name = Main.storyboard;
			sourceTree = "<group>";
		};
		DAAA508F2404EA9700E1C691 /* LaunchScreen.storyboard */ = {
			isa = PBXVariantGroup;
			children = (
				DAAA50902404EA9700E1C691 /* Base */,
			);
			name = LaunchScreen.storyboard;
			sourceTree = "<group>";
		};
/* End PBXVariantGroup section */

/* Begin XCBuildConfiguration section */
		DAAA50932404EA9700E1C691 /* Debug */ = {
			isa = XCBuildConfiguration;
			buildSettings = {
				ALWAYS_SEARCH_USER_PATHS = NO;
				CLANG_ANALYZER_NONNULL = YES;
				CLANG_ANALYZER_NUMBER_OBJECT_CONVERSION = YES_AGGRESSIVE;
				CLANG_CXX_LANGUAGE_STANDARD = "gnu++14";
				CLANG_CXX_LIBRARY = "libc++";
				CLANG_ENABLE_MODULES = YES;
				CLANG_ENABLE_OBJC_ARC = YES;
				CLANG_ENABLE_OBJC_WEAK = YES;
				CLANG_WARN_BLOCK_CAPTURE_AUTORELEASING = YES;
				CLANG_WARN_BOOL_CONVERSION = YES;
				CLANG_WARN_COMMA = YES;
				CLANG_WARN_CONSTANT_CONVERSION = YES;
				CLANG_WARN_DEPRECATED_OBJC_IMPLEMENTATIONS = YES;
				CLANG_WARN_DIRECT_OBJC_ISA_USAGE = YES_ERROR;
				CLANG_WARN_DOCUMENTATION_COMMENTS = YES;
				CLANG_WARN_EMPTY_BODY = YES;
				CLANG_WARN_ENUM_CONVERSION = YES;
				CLANG_WARN_INFINITE_RECURSION = YES;
				CLANG_WARN_INT_CONVERSION = YES;
				CLANG_WARN_NON_LITERAL_NULL_CONVERSION = YES;
				CLANG_WARN_OBJC_IMPLICIT_RETAIN_SELF = YES;
				CLANG_WARN_OBJC_LITERAL_CONVERSION = YES;
				CLANG_WARN_OBJC_ROOT_CLASS = YES_ERROR;
				CLANG_WARN_RANGE_LOOP_ANALYSIS = YES;
				CLANG_WARN_STRICT_PROTOTYPES = YES;
				CLANG_WARN_SUSPICIOUS_MOVE = YES;
				CLANG_WARN_UNGUARDED_AVAILABILITY = YES_AGGRESSIVE;
				CLANG_WARN_UNREACHABLE_CODE = YES;
				CLANG_WARN__DUPLICATE_METHOD_MATCH = YES;
				COPY_PHASE_STRIP = NO;
				DEBUG_INFORMATION_FORMAT = dwarf;
				ENABLE_STRICT_OBJC_MSGSEND = YES;
				ENABLE_TESTABILITY = YES;
				GCC_C_LANGUAGE_STANDARD = gnu11;
				GCC_DYNAMIC_NO_PIC = NO;
				GCC_NO_COMMON_BLOCKS = YES;
				GCC_OPTIMIZATION_LEVEL = 0;
				GCC_PREPROCESSOR_DEFINITIONS = (
					"DEBUG=1",
					"$(inherited)",
				);
				GCC_WARN_64_TO_32_BIT_CONVERSION = YES;
				GCC_WARN_ABOUT_RETURN_TYPE = YES_ERROR;
				GCC_WARN_UNDECLARED_SELECTOR = YES;
				GCC_WARN_UNINITIALIZED_AUTOS = YES_AGGRESSIVE;
				GCC_WARN_UNUSED_FUNCTION = YES;
				GCC_WARN_UNUSED_VARIABLE = YES;
				IPHONEOS_DEPLOYMENT_TARGET = 13.2;
				MTL_ENABLE_DEBUG_INFO = INCLUDE_SOURCE;
				MTL_FAST_MATH = YES;
				ONLY_ACTIVE_ARCH = YES;
				SDKROOT = iphoneos;
				SWIFT_ACTIVE_COMPILATION_CONDITIONS = DEBUG;
				SWIFT_OPTIMIZATION_LEVEL = "-Onone";
			};
			name = Debug;
		};
		DAAA50942404EA9700E1C691 /* Release */ = {
			isa = XCBuildConfiguration;
			buildSettings = {
				ALWAYS_SEARCH_USER_PATHS = NO;
				CLANG_ANALYZER_NONNULL = YES;
				CLANG_ANALYZER_NUMBER_OBJECT_CONVERSION = YES_AGGRESSIVE;
				CLANG_CXX_LANGUAGE_STANDARD = "gnu++14";
				CLANG_CXX_LIBRARY = "libc++";
				CLANG_ENABLE_MODULES = YES;
				CLANG_ENABLE_OBJC_ARC = YES;
				CLANG_ENABLE_OBJC_WEAK = YES;
				CLANG_WARN_BLOCK_CAPTURE_AUTORELEASING = YES;
				CLANG_WARN_BOOL_CONVERSION = YES;
				CLANG_WARN_COMMA = YES;
				CLANG_WARN_CONSTANT_CONVERSION = YES;
				CLANG_WARN_DEPRECATED_OBJC_IMPLEMENTATIONS = YES;
				CLANG_WARN_DIRECT_OBJC_ISA_USAGE = YES_ERROR;
				CLANG_WARN_DOCUMENTATION_COMMENTS = YES;
				CLANG_WARN_EMPTY_BODY = YES;
				CLANG_WARN_ENUM_CONVERSION = YES;
				CLANG_WARN_INFINITE_RECURSION = YES;
				CLANG_WARN_INT_CONVERSION = YES;
				CLANG_WARN_NON_LITERAL_NULL_CONVERSION = YES;
				CLANG_WARN_OBJC_IMPLICIT_RETAIN_SELF = YES;
				CLANG_WARN_OBJC_LITERAL_CONVERSION = YES;
				CLANG_WARN_OBJC_ROOT_CLASS = YES_ERROR;
				CLANG_WARN_RANGE_LOOP_ANALYSIS = YES;
				CLANG_WARN_STRICT_PROTOTYPES = YES;
				CLANG_WARN_SUSPICIOUS_MOVE = YES;
				CLANG_WARN_UNGUARDED_AVAILABILITY = YES_AGGRESSIVE;
				CLANG_WARN_UNREACHABLE_CODE = YES;
				CLANG_WARN__DUPLICATE_METHOD_MATCH = YES;
				COPY_PHASE_STRIP = NO;
				DEBUG_INFORMATION_FORMAT = "dwarf-with-dsym";
				ENABLE_NS_ASSERTIONS = NO;
				ENABLE_STRICT_OBJC_MSGSEND = YES;
				GCC_C_LANGUAGE_STANDARD = gnu11;
				GCC_NO_COMMON_BLOCKS = YES;
				GCC_WARN_64_TO_32_BIT_CONVERSION = YES;
				GCC_WARN_ABOUT_RETURN_TYPE = YES_ERROR;
				GCC_WARN_UNDECLARED_SELECTOR = YES;
				GCC_WARN_UNINITIALIZED_AUTOS = YES_AGGRESSIVE;
				GCC_WARN_UNUSED_FUNCTION = YES;
				GCC_WARN_UNUSED_VARIABLE = YES;
				IPHONEOS_DEPLOYMENT_TARGET = 13.2;
				MTL_ENABLE_DEBUG_INFO = NO;
				MTL_FAST_MATH = YES;
				SDKROOT = iphoneos;
				SWIFT_COMPILATION_MODE = wholemodule;
				SWIFT_OPTIMIZATION_LEVEL = "-O";
				VALIDATE_PRODUCT = YES;
			};
			name = Release;
		};
		DAAA50962404EA9700E1C691 /* Debug */ = {
			isa = XCBuildConfiguration;
			buildSettings = {
				ASSETCATALOG_COMPILER_APPICON_NAME = AppIcon;
				CODE_SIGN_STYLE = Automatic;
				DEVELOPMENT_TEAM = UQZN352ERR;
				INFOPLIST_FILE = CAAnimation/Info.plist;
				LD_RUNPATH_SEARCH_PATHS = (
					"$(inherited)",
					"@executable_path/Frameworks",
				);
				PRODUCT_BUNDLE_IDENTIFIER = com.DouYinSwift.CAAnimation;
				PRODUCT_NAME = "$(TARGET_NAME)";
				SWIFT_VERSION = 5.0;
				TARGETED_DEVICE_FAMILY = "1,2";
			};
			name = Debug;
		};
		DAAA50972404EA9700E1C691 /* Release */ = {
			isa = XCBuildConfiguration;
			buildSettings = {
				ASSETCATALOG_COMPILER_APPICON_NAME = AppIcon;
				CODE_SIGN_STYLE = Automatic;
				DEVELOPMENT_TEAM = UQZN352ERR;
				INFOPLIST_FILE = CAAnimation/Info.plist;
				LD_RUNPATH_SEARCH_PATHS = (
					"$(inherited)",
					"@executable_path/Frameworks",
				);
				PRODUCT_BUNDLE_IDENTIFIER = com.DouYinSwift.CAAnimation;
				PRODUCT_NAME = "$(TARGET_NAME)";
				SWIFT_VERSION = 5.0;
				TARGETED_DEVICE_FAMILY = "1,2";
			};
			name = Release;
		};
/* End XCBuildConfiguration section */

/* Begin XCConfigurationList section */
		DAAA507C2404EA9500E1C691 /* Build configuration list for PBXProject "CAAnimation" */ = {
			isa = XCConfigurationList;
			buildConfigurations = (
				DAAA50932404EA9700E1C691 /* Debug */,
				DAAA50942404EA9700E1C691 /* Release */,
			);
			defaultConfigurationIsVisible = 0;
			defaultConfigurationName = Release;
		};
		DAAA50952404EA9700E1C691 /* Build configuration list for PBXNativeTarget "CAAnimation" */ = {
			isa = XCConfigurationList;
			buildConfigurations = (
				DAAA50962404EA9700E1C691 /* Debug */,
				DAAA50972404EA9700E1C691 /* Release */,
			);
			defaultConfigurationIsVisible = 0;
			defaultConfigurationName = Release;
		};
/* End XCConfigurationList section */
	};
	rootObject = DAAA50792404EA9500E1C691 /* Project object */;
}
